// !$*UTF8*$!
{
	archiveVersion = 1;
	classes = {
	};
	objectVersion = 56;
	objects = {

/* Begin PBXBuildFile section */
		7B2C4A512A1DFA0B00173E45 /* AppDelegate.swift in Sources */ = {isa = PBXBuildFile; fileRef = 7B2C4A502A1DFA0B00173E45 /* AppDelegate.swift */; };
		7B2C4A552A1DFA0B00173E45 /* ViewController.swift in Sources */ = {isa = PBXBuildFile; fileRef = 7B2C4A542A1DFA0B00173E45 /* ViewController.swift */; };
		7B2C4A5A2A1DFA0D00173E45 /* Assets.xcassets in Resources */ = {isa = PBXBuildFile; fileRef = 7B2C4A592A1DFA0D00173E45 /* Assets.xcassets */; };
		7B2C4A652A1DFB2900173E45 /* EditFieldView.swift in Sources */ = {isa = PBXBuildFile; fileRef = 7B2C4A642A1DFB2900173E45 /* EditFieldView.swift */; };
		7B2C4A672A1DFB8B00173E45 /* Extensions.swift in Sources */ = {isa = PBXBuildFile; fileRef = 7B2C4A662A1DFB8B00173E45 /* Extensions.swift */; };
		7B2C4A732A1DFDA800173E45 /* Outfit-SemiBold.ttf in Resources */ = {isa = PBXBuildFile; fileRef = 7B2C4A6A2A1DFDA800173E45 /* Outfit-SemiBold.ttf */; };
		7B2C4A742A1DFDA800173E45 /* Outfit-ExtraBold.ttf in Resources */ = {isa = PBXBuildFile; fileRef = 7B2C4A6B2A1DFDA800173E45 /* Outfit-ExtraBold.ttf */; };
		7B2C4A752A1DFDA800173E45 /* Outfit-Regular.ttf in Resources */ = {isa = PBXBuildFile; fileRef = 7B2C4A6C2A1DFDA800173E45 /* Outfit-Regular.ttf */; };
		7B2C4A762A1DFDA800173E45 /* Outfit-Thin.ttf in Resources */ = {isa = PBXBuildFile; fileRef = 7B2C4A6D2A1DFDA800173E45 /* Outfit-Thin.ttf */; };
		7B2C4A772A1DFDA800173E45 /* Outfit-Black.ttf in Resources */ = {isa = PBXBuildFile; fileRef = 7B2C4A6E2A1DFDA800173E45 /* Outfit-Black.ttf */; };
		7B2C4A782A1DFDA800173E45 /* Outfit-Light.ttf in Resources */ = {isa = PBXBuildFile; fileRef = 7B2C4A6F2A1DFDA800173E45 /* Outfit-Light.ttf */; };
		7B2C4A792A1DFDA800173E45 /* Outfit-Bold.ttf in Resources */ = {isa = PBXBuildFile; fileRef = 7B2C4A702A1DFDA800173E45 /* Outfit-Bold.ttf */; };
		7B2C4A7A2A1DFDA800173E45 /* Outfit-ExtraLight.ttf in Resources */ = {isa = PBXBuildFile; fileRef = 7B2C4A712A1DFDA800173E45 /* Outfit-ExtraLight.ttf */; };
		7B2C4A7B2A1DFDA800173E45 /* Outfit-Medium.ttf in Resources */ = {isa = PBXBuildFile; fileRef = 7B2C4A722A1DFDA800173E45 /* Outfit-Medium.ttf */; };
		7B2C4A7D2A1E0D0400173E45 /* TextField.swift in Sources */ = {isa = PBXBuildFile; fileRef = 7B2C4A7C2A1E0D0400173E45 /* TextField.swift */; };
		7B6E351A2A1F1817002A7E9F /* LeftNavigationItemView.swift in Sources */ = {isa = PBXBuildFile; fileRef = 7B6E35192A1F1817002A7E9F /* LeftNavigationItemView.swift */; };
		7B6E351F2A1F64E9002A7E9F /* DateTextField.swift in Sources */ = {isa = PBXBuildFile; fileRef = 7B6E351E2A1F64E9002A7E9F /* DateTextField.swift */; };
		7B6E35212A1F6985002A7E9F /* TextFieldType.swift in Sources */ = {isa = PBXBuildFile; fileRef = 7B6E35202A1F6985002A7E9F /* TextFieldType.swift */; };
/* End PBXBuildFile section */

/* Begin PBXFileReference section */
		7B2C4A4D2A1DFA0B00173E45 /* EditProfile.app */ = {isa = PBXFileReference; explicitFileType = wrapper.application; includeInIndex = 0; path = EditProfile.app; sourceTree = BUILT_PRODUCTS_DIR; };
		7B2C4A502A1DFA0B00173E45 /* AppDelegate.swift */ = {isa = PBXFileReference; lastKnownFileType = sourcecode.swift; path = AppDelegate.swift; sourceTree = "<group>"; };
		7B2C4A542A1DFA0B00173E45 /* ViewController.swift */ = {isa = PBXFileReference; lastKnownFileType = sourcecode.swift; path = ViewController.swift; sourceTree = "<group>"; };
		7B2C4A592A1DFA0D00173E45 /* Assets.xcassets */ = {isa = PBXFileReference; lastKnownFileType = folder.assetcatalog; path = Assets.xcassets; sourceTree = "<group>"; };
		7B2C4A5E2A1DFA0D00173E45 /* Info.plist */ = {isa = PBXFileReference; lastKnownFileType = text.plist.xml; path = Info.plist; sourceTree = "<group>"; };
		7B2C4A642A1DFB2900173E45 /* EditFieldView.swift */ = {isa = PBXFileReference; lastKnownFileType = sourcecode.swift; path = EditFieldView.swift; sourceTree = "<group>"; };
		7B2C4A662A1DFB8B00173E45 /* Extensions.swift */ = {isa = PBXFileReference; lastKnownFileType = sourcecode.swift; path = Extensions.swift; sourceTree = "<group>"; };
		7B2C4A6A2A1DFDA800173E45 /* Outfit-SemiBold.ttf */ = {isa = PBXFileReference; lastKnownFileType = file; path = "Outfit-SemiBold.ttf"; sourceTree = "<group>"; };
		7B2C4A6B2A1DFDA800173E45 /* Outfit-ExtraBold.ttf */ = {isa = PBXFileReference; lastKnownFileType = file; path = "Outfit-ExtraBold.ttf"; sourceTree = "<group>"; };
		7B2C4A6C2A1DFDA800173E45 /* Outfit-Regular.ttf */ = {isa = PBXFileReference; lastKnownFileType = file; path = "Outfit-Regular.ttf"; sourceTree = "<group>"; };
		7B2C4A6D2A1DFDA800173E45 /* Outfit-Thin.ttf */ = {isa = PBXFileReference; lastKnownFileType = file; path = "Outfit-Thin.ttf"; sourceTree = "<group>"; };
		7B2C4A6E2A1DFDA800173E45 /* Outfit-Black.ttf */ = {isa = PBXFileReference; lastKnownFileType = file; path = "Outfit-Black.ttf"; sourceTree = "<group>"; };
		7B2C4A6F2A1DFDA800173E45 /* Outfit-Light.ttf */ = {isa = PBXFileReference; lastKnownFileType = file; path = "Outfit-Light.ttf"; sourceTree = "<group>"; };
		7B2C4A702A1DFDA800173E45 /* Outfit-Bold.ttf */ = {isa = PBXFileReference; lastKnownFileType = file; path = "Outfit-Bold.ttf"; sourceTree = "<group>"; };
		7B2C4A712A1DFDA800173E45 /* Outfit-ExtraLight.ttf */ = {isa = PBXFileReference; lastKnownFileType = file; path = "Outfit-ExtraLight.ttf"; sourceTree = "<group>"; };
		7B2C4A722A1DFDA800173E45 /* Outfit-Medium.ttf */ = {isa = PBXFileReference; lastKnownFileType = file; path = "Outfit-Medium.ttf"; sourceTree = "<group>"; };
		7B2C4A7C2A1E0D0400173E45 /* TextField.swift */ = {isa = PBXFileReference; lastKnownFileType = sourcecode.swift; path = TextField.swift; sourceTree = "<group>"; };
		7B6E35192A1F1817002A7E9F /* LeftNavigationItemView.swift */ = {isa = PBXFileReference; lastKnownFileType = sourcecode.swift; path = LeftNavigationItemView.swift; sourceTree = "<group>"; };
		7B6E351E2A1F64E9002A7E9F /* DateTextField.swift */ = {isa = PBXFileReference; lastKnownFileType = sourcecode.swift; path = DateTextField.swift; sourceTree = "<group>"; };
		7B6E35202A1F6985002A7E9F /* TextFieldType.swift */ = {isa = PBXFileReference; lastKnownFileType = sourcecode.swift; path = TextFieldType.swift; sourceTree = "<group>"; };
/* End PBXFileReference section */

/* Begin PBXFrameworksBuildPhase section */
		7B2C4A4A2A1DFA0B00173E45 /* Frameworks */ = {
			isa = PBXFrameworksBuildPhase;
			buildActionMask = 2147483647;
			files = (
			);
			runOnlyForDeploymentPostprocessing = 0;
		};
/* End PBXFrameworksBuildPhase section */

/* Begin PBXGroup section */
		7B2C4A442A1DFA0B00173E45 = {
			isa = PBXGroup;
			children = (
				7B6E35202A1F6985002A7E9F /* TextFieldType.swift */,
				7B2C4A4F2A1DFA0B00173E45 /* EditProfile */,
				7B2C4A682A1DFD7B00173E45 /* Resources */,
				7B2C4A4E2A1DFA0B00173E45 /* Products */,
			);
			sourceTree = "<group>";
		};
		7B2C4A4E2A1DFA0B00173E45 /* Products */ = {
			isa = PBXGroup;
			children = (
				7B2C4A4D2A1DFA0B00173E45 /* EditProfile.app */,
			);
			name = Products;
			sourceTree = "<group>";
		};
		7B2C4A4F2A1DFA0B00173E45 /* EditProfile */ = {
			isa = PBXGroup;
			children = (
				7B2C4A502A1DFA0B00173E45 /* AppDelegate.swift */,
				7B2C4A542A1DFA0B00173E45 /* ViewController.swift */,
				7B2C4A642A1DFB2900173E45 /* EditFieldView.swift */,
				7B6E35192A1F1817002A7E9F /* LeftNavigationItemView.swift */,
				7B2C4A7C2A1E0D0400173E45 /* TextField.swift */,
				7B6E351E2A1F64E9002A7E9F /* DateTextField.swift */,
				7B2C4A592A1DFA0D00173E45 /* Assets.xcassets */,
				7B2C4A5E2A1DFA0D00173E45 /* Info.plist */,
				7B6E351D2A1F3F19002A7E9F /* Extensions */,
			);
			path = EditProfile;
			sourceTree = "<group>";
		};
		7B2C4A682A1DFD7B00173E45 /* Resources */ = {
			isa = PBXGroup;
			children = (
				7B2C4A692A1DFD8400173E45 /* Fonts */,
			);
			path = Resources;
			sourceTree = "<group>";
		};
		7B2C4A692A1DFD8400173E45 /* Fonts */ = {
			isa = PBXGroup;
			children = (
				7B2C4A6E2A1DFDA800173E45 /* Outfit-Black.ttf */,
				7B2C4A702A1DFDA800173E45 /* Outfit-Bold.ttf */,
				7B2C4A6B2A1DFDA800173E45 /* Outfit-ExtraBold.ttf */,
				7B2C4A712A1DFDA800173E45 /* Outfit-ExtraLight.ttf */,
				7B2C4A6F2A1DFDA800173E45 /* Outfit-Light.ttf */,
				7B2C4A722A1DFDA800173E45 /* Outfit-Medium.ttf */,
				7B2C4A6C2A1DFDA800173E45 /* Outfit-Regular.ttf */,
				7B2C4A6A2A1DFDA800173E45 /* Outfit-SemiBold.ttf */,
				7B2C4A6D2A1DFDA800173E45 /* Outfit-Thin.ttf */,
			);
			path = Fonts;
			sourceTree = "<group>";
		};
		7B6E351D2A1F3F19002A7E9F /* Extensions */ = {
			isa = PBXGroup;
			children = (
				7B2C4A662A1DFB8B00173E45 /* Extensions.swift */,
			);
			path = Extensions;
			sourceTree = "<group>";
		};
/* End PBXGroup section */

/* Begin PBXNativeTarget section */
		7B2C4A4C2A1DFA0B00173E45 /* EditProfile */ = {
			isa = PBXNativeTarget;
			buildConfigurationList = 7B2C4A612A1DFA0D00173E45 /* Build configuration list for PBXNativeTarget "EditProfile" */;
			buildPhases = (
				7B2C4A492A1DFA0B00173E45 /* Sources */,
				7B2C4A4A2A1DFA0B00173E45 /* Frameworks */,
				7B2C4A4B2A1DFA0B00173E45 /* Resources */,
			);
			buildRules = (
			);
			dependencies = (
			);
			name = EditProfile;
			productName = EditProfile;
			productReference = 7B2C4A4D2A1DFA0B00173E45 /* EditProfile.app */;
			productType = "com.apple.product-type.application";
		};
/* End PBXNativeTarget section */

/* Begin PBXProject section */
		7B2C4A452A1DFA0B00173E45 /* Project object */ = {
			isa = PBXProject;
			attributes = {
				BuildIndependentTargetsInParallel = 1;
				LastSwiftUpdateCheck = 1430;
				LastUpgradeCheck = 1430;
				TargetAttributes = {
					7B2C4A4C2A1DFA0B00173E45 = {
						CreatedOnToolsVersion = 14.3;
					};
				};
			};
			buildConfigurationList = 7B2C4A482A1DFA0B00173E45 /* Build configuration list for PBXProject "EditProfile" */;
			compatibilityVersion = "Xcode 14.0";
			developmentRegion = en;
			hasScannedForEncodings = 0;
			knownRegions = (
				en,
				Base,
			);
			mainGroup = 7B2C4A442A1DFA0B00173E45;
			productRefGroup = 7B2C4A4E2A1DFA0B00173E45 /* Products */;
			projectDirPath = "";
			projectRoot = "";
			targets = (
				7B2C4A4C2A1DFA0B00173E45 /* EditProfile */,
			);
		};
/* End PBXProject section */

/* Begin PBXResourcesBuildPhase section */
		7B2C4A4B2A1DFA0B00173E45 /* Resources */ = {
			isa = PBXResourcesBuildPhase;
			buildActionMask = 2147483647;
			files = (
				7B2C4A782A1DFDA800173E45 /* Outfit-Light.ttf in Resources */,
				7B2C4A752A1DFDA800173E45 /* Outfit-Regular.ttf in Resources */,
				7B2C4A742A1DFDA800173E45 /* Outfit-ExtraBold.ttf in Resources */,
				7B2C4A732A1DFDA800173E45 /* Outfit-SemiBold.ttf in Resources */,
				7B2C4A792A1DFDA800173E45 /* Outfit-Bold.ttf in Resources */,
				7B2C4A762A1DFDA800173E45 /* Outfit-Thin.ttf in Resources */,
				7B2C4A5A2A1DFA0D00173E45 /* Assets.xcassets in Resources */,
				7B2C4A7A2A1DFDA800173E45 /* Outfit-ExtraLight.ttf in Resources */,
				7B2C4A7B2A1DFDA800173E45 /* Outfit-Medium.ttf in Resources */,
				7B2C4A772A1DFDA800173E45 /* Outfit-Black.ttf in Resources */,
			);
			runOnlyForDeploymentPostprocessing = 0;
		};
/* End PBXResourcesBuildPhase section */

/* Begin PBXSourcesBuildPhase section */
		7B2C4A492A1DFA0B00173E45 /* Sources */ = {
			isa = PBXSourcesBuildPhase;
			buildActionMask = 2147483647;
			files = (
				7B2C4A7D2A1E0D0400173E45 /* TextField.swift in Sources */,
				7B2C4A652A1DFB2900173E45 /* EditFieldView.swift in Sources */,
				7B2C4A552A1DFA0B00173E45 /* ViewController.swift in Sources */,
				7B6E35212A1F6985002A7E9F /* TextFieldType.swift in Sources */,
				7B2C4A512A1DFA0B00173E45 /* AppDelegate.swift in Sources */,
				7B6E351F2A1F64E9002A7E9F /* DateTextField.swift in Sources */,
				7B2C4A672A1DFB8B00173E45 /* Extensions.swift in Sources */,
				7B6E351A2A1F1817002A7E9F /* LeftNavigationItemView.swift in Sources */,
			);
			runOnlyForDeploymentPostprocessing = 0;
		};
/* End PBXSourcesBuildPhase section */

/* Begin XCBuildConfiguration section */
		7B2C4A5F2A1DFA0D00173E45 /* Debug */ = {
			isa = XCBuildConfiguration;
			buildSettings = {
				ALWAYS_SEARCH_USER_PATHS = NO;
				CLANG_ANALYZER_NONNULL = YES;
				CLANG_ANALYZER_NUMBER_OBJECT_CONVERSION = YES_AGGRESSIVE;
				CLANG_CXX_LANGUAGE_STANDARD = "gnu++20";
				CLANG_ENABLE_MODULES = YES;
				CLANG_ENABLE_OBJC_ARC = YES;
				CLANG_ENABLE_OBJC_WEAK = YES;
				CLANG_WARN_BLOCK_CAPTURE_AUTORELEASING = YES;
				CLANG_WARN_BOOL_CONVERSION = YES;
				CLANG_WARN_COMMA = YES;
				CLANG_WARN_CONSTANT_CONVERSION = YES;
				CLANG_WARN_DEPRECATED_OBJC_IMPLEMENTATIONS = YES;
				CLANG_WARN_DIRECT_OBJC_ISA_USAGE = YES_ERROR;
				CLANG_WARN_DOCUMENTATION_COMMENTS = YES;
				CLANG_WARN_EMPTY_BODY = YES;
				CLANG_WARN_ENUM_CONVERSION = YES;
				CLANG_WARN_INFINITE_RECURSION = YES;
				CLANG_WARN_INT_CONVERSION = YES;
				CLANG_WARN_NON_LITERAL_NULL_CONVERSION = YES;
				CLANG_WARN_OBJC_IMPLICIT_RETAIN_SELF = YES;
				CLANG_WARN_OBJC_LITERAL_CONVERSION = YES;
				CLANG_WARN_OBJC_ROOT_CLASS = YES_ERROR;
				CLANG_WARN_QUOTED_INCLUDE_IN_FRAMEWORK_HEADER = YES;
				CLANG_WARN_RANGE_LOOP_ANALYSIS = YES;
				CLANG_WARN_STRICT_PROTOTYPES = YES;
				CLANG_WARN_SUSPICIOUS_MOVE = YES;
				CLANG_WARN_UNGUARDED_AVAILABILITY = YES_AGGRESSIVE;
				CLANG_WARN_UNREACHABLE_CODE = YES;
				CLANG_WARN__DUPLICATE_METHOD_MATCH = YES;
				COPY_PHASE_STRIP = NO;
				DEBUG_INFORMATION_FORMAT = dwarf;
				ENABLE_STRICT_OBJC_MSGSEND = YES;
				ENABLE_TESTABILITY = YES;
				GCC_C_LANGUAGE_STANDARD = gnu11;
				GCC_DYNAMIC_NO_PIC = NO;
				GCC_NO_COMMON_BLOCKS = YES;
				GCC_OPTIMIZATION_LEVEL = 0;
				GCC_PREPROCESSOR_DEFINITIONS = (
					"DEBUG=1",
					"$(inherited)",
				);
				GCC_WARN_64_TO_32_BIT_CONVERSION = YES;
				GCC_WARN_ABOUT_RETURN_TYPE = YES_ERROR;
				GCC_WARN_UNDECLARED_SELECTOR = YES;
				GCC_WARN_UNINITIALIZED_AUTOS = YES_AGGRESSIVE;
				GCC_WARN_UNUSED_FUNCTION = YES;
				GCC_WARN_UNUSED_VARIABLE = YES;
				IPHONEOS_DEPLOYMENT_TARGET = 16.4;
				MTL_ENABLE_DEBUG_INFO = INCLUDE_SOURCE;
				MTL_FAST_MATH = YES;
				ONLY_ACTIVE_ARCH = YES;
				SDKROOT = iphoneos;
				SWIFT_ACTIVE_COMPILATION_CONDITIONS = DEBUG;
				SWIFT_OPTIMIZATION_LEVEL = "-Onone";
			};
			name = Debug;
		};
		7B2C4A602A1DFA0D00173E45 /* Release */ = {
			isa = XCBuildConfiguration;
			buildSettings = {
				ALWAYS_SEARCH_USER_PATHS = NO;
				CLANG_ANALYZER_NONNULL = YES;
				CLANG_ANALYZER_NUMBER_OBJECT_CONVERSION = YES_AGGRESSIVE;
				CLANG_CXX_LANGUAGE_STANDARD = "gnu++20";
				CLANG_ENABLE_MODULES = YES;
				CLANG_ENABLE_OBJC_ARC = YES;
				CLANG_ENABLE_OBJC_WEAK = YES;
				CLANG_WARN_BLOCK_CAPTURE_AUTORELEASING = YES;
				CLANG_WARN_BOOL_CONVERSION = YES;
				CLANG_WARN_COMMA = YES;
				CLANG_WARN_CONSTANT_CONVERSION = YES;
				CLANG_WARN_DEPRECATED_OBJC_IMPLEMENTATIONS = YES;
				CLANG_WARN_DIRECT_OBJC_ISA_USAGE = YES_ERROR;
				CLANG_WARN_DOCUMENTATION_COMMENTS = YES;
				CLANG_WARN_EMPTY_BODY = YES;
				CLANG_WARN_ENUM_CONVERSION = YES;
				CLANG_WARN_INFINITE_RECURSION = YES;
				CLANG_WARN_INT_CONVERSION = YES;
				CLANG_WARN_NON_LITERAL_NULL_CONVERSION = YES;
				CLANG_WARN_OBJC_IMPLICIT_RETAIN_SELF = YES;
				CLANG_WARN_OBJC_LITERAL_CONVERSION = YES;
				CLANG_WARN_OBJC_ROOT_CLASS = YES_ERROR;
				CLANG_WARN_QUOTED_INCLUDE_IN_FRAMEWORK_HEADER = YES;
				CLANG_WARN_RANGE_LOOP_ANALYSIS = YES;
				CLANG_WARN_STRICT_PROTOTYPES = YES;
				CLANG_WARN_SUSPICIOUS_MOVE = YES;
				CLANG_WARN_UNGUARDED_AVAILABILITY = YES_AGGRESSIVE;
				CLANG_WARN_UNREACHABLE_CODE = YES;
				CLANG_WARN__DUPLICATE_METHOD_MATCH = YES;
				COPY_PHASE_STRIP = NO;
				DEBUG_INFORMATION_FORMAT = "dwarf-with-dsym";
				ENABLE_NS_ASSERTIONS = NO;
				ENABLE_STRICT_OBJC_MSGSEND = YES;
				GCC_C_LANGUAGE_STANDARD = gnu11;
				GCC_NO_COMMON_BLOCKS = YES;
				GCC_WARN_64_TO_32_BIT_CONVERSION = YES;
				GCC_WARN_ABOUT_RETURN_TYPE = YES_ERROR;
				GCC_WARN_UNDECLARED_SELECTOR = YES;
				GCC_WARN_UNINITIALIZED_AUTOS = YES_AGGRESSIVE;
				GCC_WARN_UNUSED_FUNCTION = YES;
				GCC_WARN_UNUSED_VARIABLE = YES;
				IPHONEOS_DEPLOYMENT_TARGET = 16.4;
				MTL_ENABLE_DEBUG_INFO = NO;
				MTL_FAST_MATH = YES;
				SDKROOT = iphoneos;
				SWIFT_COMPILATION_MODE = wholemodule;
				SWIFT_OPTIMIZATION_LEVEL = "-O";
				VALIDATE_PRODUCT = YES;
			};
			name = Release;
		};
		7B2C4A622A1DFA0D00173E45 /* Debug */ = {
			isa = XCBuildConfiguration;
			buildSettings = {
				ASSETCATALOG_COMPILER_APPICON_NAME = AppIcon;
				ASSETCATALOG_COMPILER_GLOBAL_ACCENT_COLOR_NAME = AccentColor;
				CODE_SIGN_STYLE = Automatic;
				CURRENT_PROJECT_VERSION = 1;
				GENERATE_INFOPLIST_FILE = YES;
				INFOPLIST_FILE = EditProfile/Info.plist;
				INFOPLIST_KEY_UIApplicationSupportsIndirectInputEvents = YES;
				INFOPLIST_KEY_UILaunchStoryboardName = LaunchScreen;
				INFOPLIST_KEY_UISupportedInterfaceOrientations_iPad = "UIInterfaceOrientationPortrait UIInterfaceOrientationPortraitUpsideDown UIInterfaceOrientationLandscapeLeft UIInterfaceOrientationLandscapeRight";
				INFOPLIST_KEY_UISupportedInterfaceOrientations_iPhone = "UIInterfaceOrientationPortrait UIInterfaceOrientationLandscapeLeft UIInterfaceOrientationLandscapeRight";
				LD_RUNPATH_SEARCH_PATHS = (
					"$(inherited)",
					"@executable_path/Frameworks",
				);
				MARKETING_VERSION = 1.0;
				PRODUCT_BUNDLE_IDENTIFIER = com.muhamad.EditProfile;
				PRODUCT_NAME = "$(TARGET_NAME)";
				SWIFT_EMIT_LOC_STRINGS = YES;
				SWIFT_VERSION = 5.0;
				TARGETED_DEVICE_FAMILY = "1,2";
			};
			name = Debug;
		};
		7B2C4A632A1DFA0D00173E45 /* Release */ = {
			isa = XCBuildConfiguration;
			buildSettings = {
				ASSETCATALOG_COMPILER_APPICON_NAME = AppIcon;
				ASSETCATALOG_COMPILER_GLOBAL_ACCENT_COLOR_NAME = AccentColor;
				CODE_SIGN_STYLE = Automatic;
				CURRENT_PROJECT_VERSION = 1;
				GENERATE_INFOPLIST_FILE = YES;
				INFOPLIST_FILE = EditProfile/Info.plist;
				INFOPLIST_KEY_UIApplicationSupportsIndirectInputEvents = YES;
				INFOPLIST_KEY_UILaunchStoryboardName = LaunchScreen;
				INFOPLIST_KEY_UISupportedInterfaceOrientations_iPad = "UIInterfaceOrientationPortrait UIInterfaceOrientationPortraitUpsideDown UIInterfaceOrientationLandscapeLeft UIInterfaceOrientationLandscapeRight";
				INFOPLIST_KEY_UISupportedInterfaceOrientations_iPhone = "UIInterfaceOrientationPortrait UIInterfaceOrientationLandscapeLeft UIInterfaceOrientationLandscapeRight";
				LD_RUNPATH_SEARCH_PATHS = (
					"$(inherited)",
					"@executable_path/Frameworks",
				);
				MARKETING_VERSION = 1.0;
				PRODUCT_BUNDLE_IDENTIFIER = com.muhamad.EditProfile;
				PRODUCT_NAME = "$(TARGET_NAME)";
				SWIFT_EMIT_LOC_STRINGS = YES;
				SWIFT_VERSION = 5.0;
				TARGETED_DEVICE_FAMILY = "1,2";
			};
			name = Release;
		};
/* End XCBuildConfiguration section */

/* Begin XCConfigurationList section */
		7B2C4A482A1DFA0B00173E45 /* Build configuration list for PBXProject "EditProfile" */ = {
			isa = XCConfigurationList;
			buildConfigurations = (
				7B2C4A5F2A1DFA0D00173E45 /* Debug */,
				7B2C4A602A1DFA0D00173E45 /* Release */,
			);
			defaultConfigurationIsVisible = 0;
			defaultConfigurationName = Release;
		};
		7B2C4A612A1DFA0D00173E45 /* Build configuration list for PBXNativeTarget "EditProfile" */ = {
			isa = XCConfigurationList;
			buildConfigurations = (
				7B2C4A622A1DFA0D00173E45 /* Debug */,
				7B2C4A632A1DFA0D00173E45 /* Release */,
			);
			defaultConfigurationIsVisible = 0;
			defaultConfigurationName = Release;
		};
/* End XCConfigurationList section */
	};
	rootObject = 7B2C4A452A1DFA0B00173E45 /* Project object */;
}
